// !$*UTF8*$!
{
	archiveVersion = 1;
	classes = {
	};
	objectVersion = 50;
	objects = {

/* Begin PBXBuildFile section */
		B58E6A282141AA8A0056208C /* ProtocolModel.swift in Sources */ = {isa = PBXBuildFile; fileRef = B58E6A272141AA8A0056208C /* ProtocolModel.swift */; };
		B5A6C3CC213EE4150029FF22 /* CategoryAndItemViewController.swift in Sources */ = {isa = PBXBuildFile; fileRef = B5A6C3CB213EE4150029FF22 /* CategoryAndItemViewController.swift */; };
		B5A6C3CE213EE5B20029FF22 /* CategoryAndItemModel.swift in Sources */ = {isa = PBXBuildFile; fileRef = B5A6C3CD213EE5B10029FF22 /* CategoryAndItemModel.swift */; };
		B5A6C3D0213EE7B60029FF22 /* Keywords.swift in Sources */ = {isa = PBXBuildFile; fileRef = B5A6C3CF213EE7B60029FF22 /* Keywords.swift */; };
		B5A6C3D7213F12940029FF22 /* CategoryAndItemTableViewCell.swift in Sources */ = {isa = PBXBuildFile; fileRef = B5A6C3D5213F12940029FF22 /* CategoryAndItemTableViewCell.swift */; };
		B5A6C3D8213F12940029FF22 /* CategoryAndItemTableViewCell.xib in Resources */ = {isa = PBXBuildFile; fileRef = B5A6C3D6213F12940029FF22 /* CategoryAndItemTableViewCell.xib */; };
		B5A6C3DD213F1A1E0029FF22 /* Default-568h@2x.png in Resources */ = {isa = PBXBuildFile; fileRef = B5A6C3DC213F1A1E0029FF22 /* Default-568h@2x.png */; };
		B5F1E0EC21417B480041C472 /* HeaderView.swift in Sources */ = {isa = PBXBuildFile; fileRef = B5F1E0EA21417B480041C472 /* HeaderView.swift */; };
		B5F1E0ED21417B480041C472 /* HeaderView.xib in Resources */ = {isa = PBXBuildFile; fileRef = B5F1E0EB21417B480041C472 /* HeaderView.xib */; };
		B5F1E0EF214191C60041C472 /* DataModel.swift in Sources */ = {isa = PBXBuildFile; fileRef = B5F1E0EE214191C60041C472 /* DataModel.swift */; };
		B5FAB7082139D89C0046F976 /* AppDelegate.swift in Sources */ = {isa = PBXBuildFile; fileRef = B5FAB7072139D89C0046F976 /* AppDelegate.swift */; };
		B5FAB70A2139D89C0046F976 /* HomeViewController.swift in Sources */ = {isa = PBXBuildFile; fileRef = B5FAB7092139D89C0046F976 /* HomeViewController.swift */; };
		B5FAB70D2139D89C0046F976 /* Main.storyboard in Resources */ = {isa = PBXBuildFile; fileRef = B5FAB70B2139D89C0046F976 /* Main.storyboard */; };
		B5FAB7102139D89C0046F976 /* TheList.xcdatamodeld in Sources */ = {isa = PBXBuildFile; fileRef = B5FAB70E2139D89C0046F976 /* TheList.xcdatamodeld */; };
		B5FAB7122139D89E0046F976 /* Assets.xcassets in Resources */ = {isa = PBXBuildFile; fileRef = B5FAB7112139D89E0046F976 /* Assets.xcassets */; };
		B5FAB7152139D89E0046F976 /* LaunchScreen.storyboard in Resources */ = {isa = PBXBuildFile; fileRef = B5FAB7132139D89E0046F976 /* LaunchScreen.storyboard */; };
		B5FAB71D2139D8FD0046F976 /* ErrandsViewController.swift in Sources */ = {isa = PBXBuildFile; fileRef = B5FAB71C2139D8FD0046F976 /* ErrandsViewController.swift */; };
		B5FAB71F2139DA050046F976 /* ItemsViewController.swift in Sources */ = {isa = PBXBuildFile; fileRef = B5FAB71E2139DA050046F976 /* ItemsViewController.swift */; };
		B5FAB7212139DB5B0046F976 /* IdeasViewController.swift in Sources */ = {isa = PBXBuildFile; fileRef = B5FAB7202139DB5B0046F976 /* IdeasViewController.swift */; };
		B5FAB7232139DB640046F976 /* WorkViewController.swift in Sources */ = {isa = PBXBuildFile; fileRef = B5FAB7222139DB640046F976 /* WorkViewController.swift */; };
		B5FAB7252139DB6C0046F976 /* FunViewController.swift in Sources */ = {isa = PBXBuildFile; fileRef = B5FAB7242139DB6C0046F976 /* FunViewController.swift */; };
/* End PBXBuildFile section */

/* Begin PBXFileReference section */
		B58E6A272141AA8A0056208C /* ProtocolModel.swift */ = {isa = PBXFileReference; lastKnownFileType = sourcecode.swift; path = ProtocolModel.swift; sourceTree = "<group>"; };
		B5A6C3CB213EE4150029FF22 /* CategoryAndItemViewController.swift */ = {isa = PBXFileReference; lastKnownFileType = sourcecode.swift; path = CategoryAndItemViewController.swift; sourceTree = "<group>"; };
		B5A6C3CD213EE5B10029FF22 /* CategoryAndItemModel.swift */ = {isa = PBXFileReference; lastKnownFileType = sourcecode.swift; path = CategoryAndItemModel.swift; sourceTree = "<group>"; };
		B5A6C3CF213EE7B60029FF22 /* Keywords.swift */ = {isa = PBXFileReference; lastKnownFileType = sourcecode.swift; path = Keywords.swift; sourceTree = "<group>"; };
		B5A6C3D5213F12940029FF22 /* CategoryAndItemTableViewCell.swift */ = {isa = PBXFileReference; lastKnownFileType = sourcecode.swift; path = CategoryAndItemTableViewCell.swift; sourceTree = "<group>"; };
		B5A6C3D6213F12940029FF22 /* CategoryAndItemTableViewCell.xib */ = {isa = PBXFileReference; lastKnownFileType = file.xib; path = CategoryAndItemTableViewCell.xib; sourceTree = "<group>"; };
		B5A6C3DC213F1A1E0029FF22 /* Default-568h@2x.png */ = {isa = PBXFileReference; lastKnownFileType = image.png; path = "Default-568h@2x.png"; sourceTree = "<group>"; };
		B5F1E0EA21417B480041C472 /* HeaderView.swift */ = {isa = PBXFileReference; lastKnownFileType = sourcecode.swift; path = HeaderView.swift; sourceTree = "<group>"; };
		B5F1E0EB21417B480041C472 /* HeaderView.xib */ = {isa = PBXFileReference; lastKnownFileType = file.xib; path = HeaderView.xib; sourceTree = "<group>"; };
		B5F1E0EE214191C60041C472 /* DataModel.swift */ = {isa = PBXFileReference; lastKnownFileType = sourcecode.swift; path = DataModel.swift; sourceTree = "<group>"; };
		B5FAB7042139D89C0046F976 /* TheList.app */ = {isa = PBXFileReference; explicitFileType = wrapper.application; includeInIndex = 0; path = TheList.app; sourceTree = BUILT_PRODUCTS_DIR; };
		B5FAB7072139D89C0046F976 /* AppDelegate.swift */ = {isa = PBXFileReference; lastKnownFileType = sourcecode.swift; path = AppDelegate.swift; sourceTree = "<group>"; };
		B5FAB7092139D89C0046F976 /* HomeViewController.swift */ = {isa = PBXFileReference; lastKnownFileType = sourcecode.swift; path = HomeViewController.swift; sourceTree = "<group>"; };
		B5FAB70C2139D89C0046F976 /* Base */ = {isa = PBXFileReference; lastKnownFileType = file.storyboard; name = Base; path = Base.lproj/Main.storyboard; sourceTree = "<group>"; };
		B5FAB70F2139D89C0046F976 /* TheList.xcdatamodel */ = {isa = PBXFileReference; lastKnownFileType = wrapper.xcdatamodel; path = TheList.xcdatamodel; sourceTree = "<group>"; };
		B5FAB7112139D89E0046F976 /* Assets.xcassets */ = {isa = PBXFileReference; lastKnownFileType = folder.assetcatalog; path = Assets.xcassets; sourceTree = "<group>"; };
		B5FAB7142139D89E0046F976 /* Base */ = {isa = PBXFileReference; lastKnownFileType = file.storyboard; name = Base; path = Base.lproj/LaunchScreen.storyboard; sourceTree = "<group>"; };
		B5FAB7162139D89E0046F976 /* Info.plist */ = {isa = PBXFileReference; lastKnownFileType = text.plist.xml; path = Info.plist; sourceTree = "<group>"; };
		B5FAB71C2139D8FD0046F976 /* ErrandsViewController.swift */ = {isa = PBXFileReference; lastKnownFileType = sourcecode.swift; path = ErrandsViewController.swift; sourceTree = "<group>"; };
		B5FAB71E2139DA050046F976 /* ItemsViewController.swift */ = {isa = PBXFileReference; lastKnownFileType = sourcecode.swift; path = ItemsViewController.swift; sourceTree = "<group>"; };
		B5FAB7202139DB5B0046F976 /* IdeasViewController.swift */ = {isa = PBXFileReference; lastKnownFileType = sourcecode.swift; path = IdeasViewController.swift; sourceTree = "<group>"; };
		B5FAB7222139DB640046F976 /* WorkViewController.swift */ = {isa = PBXFileReference; lastKnownFileType = sourcecode.swift; path = WorkViewController.swift; sourceTree = "<group>"; };
		B5FAB7242139DB6C0046F976 /* FunViewController.swift */ = {isa = PBXFileReference; lastKnownFileType = sourcecode.swift; path = FunViewController.swift; sourceTree = "<group>"; };
/* End PBXFileReference section */

/* Begin PBXFrameworksBuildPhase section */
		B5FAB7012139D89C0046F976 /* Frameworks */ = {
			isa = PBXFrameworksBuildPhase;
			buildActionMask = 2147483647;
			files = (
			);
			runOnlyForDeploymentPostprocessing = 0;
		};
/* End PBXFrameworksBuildPhase section */

/* Begin PBXGroup section */
		B5A6C3D1213EED640029FF22 /* Models */ = {
			isa = PBXGroup;
			children = (
				B5A6C3CD213EE5B10029FF22 /* CategoryAndItemModel.swift */,
				B5F1E0EE214191C60041C472 /* DataModel.swift */,
				B58E6A272141AA8A0056208C /* ProtocolModel.swift */,
				B5A6C3CF213EE7B60029FF22 /* Keywords.swift */,
				B5FAB70E2139D89C0046F976 /* TheList.xcdatamodeld */,
			);
			path = Models;
			sourceTree = "<group>";
		};
		B5A6C3D2213EED710029FF22 /* Controllers */ = {
			isa = PBXGroup;
			children = (
				B5FAB7092139D89C0046F976 /* HomeViewController.swift */,
				B5FAB71C2139D8FD0046F976 /* ErrandsViewController.swift */,
				B5FAB7222139DB640046F976 /* WorkViewController.swift */,
				B5FAB7242139DB6C0046F976 /* FunViewController.swift */,
				B5FAB7202139DB5B0046F976 /* IdeasViewController.swift */,
				B5FAB71E2139DA050046F976 /* ItemsViewController.swift */,
				B5A6C3CB213EE4150029FF22 /* CategoryAndItemViewController.swift */,
			);
			path = Controllers;
			sourceTree = "<group>";
		};
		B5A6C3D3213F11AE0029FF22 /* Supporting Files */ = {
			isa = PBXGroup;
			children = (
				B5FAB7072139D89C0046F976 /* AppDelegate.swift */,
				B5FAB7112139D89E0046F976 /* Assets.xcassets */,
			);
			path = "Supporting Files";
			sourceTree = "<group>";
		};
		B5A6C3D4213F11BA0029FF22 /* Views */ = {
			isa = PBXGroup;
			children = (
				B5FAB70B2139D89C0046F976 /* Main.storyboard */,
				B5FAB7132139D89E0046F976 /* LaunchScreen.storyboard */,
			);
			path = Views;
			sourceTree = "<group>";
		};
		B5A6C3D9213F12AE0029FF22 /* Cells */ = {
			isa = PBXGroup;
			children = (
				B5A6C3D5213F12940029FF22 /* CategoryAndItemTableViewCell.swift */,
				B5A6C3D6213F12940029FF22 /* CategoryAndItemTableViewCell.xib */,
				B5F1E0EA21417B480041C472 /* HeaderView.swift */,
				B5F1E0EB21417B480041C472 /* HeaderView.xib */,
			);
			path = Cells;
			sourceTree = "<group>";
		};
		B5FAB6FB2139D89C0046F976 = {
			isa = PBXGroup;
			children = (
				B5A6C3DC213F1A1E0029FF22 /* Default-568h@2x.png */,
				B5FAB7062139D89C0046F976 /* TheList */,
				B5FAB7052139D89C0046F976 /* Products */,
			);
			sourceTree = "<group>";
		};
		B5FAB7052139D89C0046F976 /* Products */ = {
			isa = PBXGroup;
			children = (
				B5FAB7042139D89C0046F976 /* TheList.app */,
			);
			name = Products;
			sourceTree = "<group>";
		};
		B5FAB7062139D89C0046F976 /* TheList */ = {
			isa = PBXGroup;
			children = (
				B5A6C3D1213EED640029FF22 /* Models */,
				B5A6C3D2213EED710029FF22 /* Controllers */,
				B5A6C3D4213F11BA0029FF22 /* Views */,
				B5A6C3D9213F12AE0029FF22 /* Cells */,
				B5A6C3D3213F11AE0029FF22 /* Supporting Files */,
				B5FAB7162139D89E0046F976 /* Info.plist */,
			);
			path = TheList;
			sourceTree = "<group>";
		};
/* End PBXGroup section */

/* Begin PBXNativeTarget section */
		B5FAB7032139D89C0046F976 /* TheList */ = {
			isa = PBXNativeTarget;
			buildConfigurationList = B5FAB7192139D89E0046F976 /* Build configuration list for PBXNativeTarget "TheList" */;
			buildPhases = (
				B5FAB7002139D89C0046F976 /* Sources */,
				B5FAB7012139D89C0046F976 /* Frameworks */,
				B5FAB7022139D89C0046F976 /* Resources */,
			);
			buildRules = (
			);
			dependencies = (
			);
			name = TheList;
			productName = TheList;
			productReference = B5FAB7042139D89C0046F976 /* TheList.app */;
			productType = "com.apple.product-type.application";
		};
/* End PBXNativeTarget section */

/* Begin PBXProject section */
		B5FAB6FC2139D89C0046F976 /* Project object */ = {
			isa = PBXProject;
			attributes = {
				LastSwiftUpdateCheck = 0940;
				LastUpgradeCheck = 0940;
				ORGANIZATIONNAME = "Adam Moore";
				TargetAttributes = {
					B5FAB7032139D89C0046F976 = {
						CreatedOnToolsVersion = 9.4.1;
					};
				};
			};
			buildConfigurationList = B5FAB6FF2139D89C0046F976 /* Build configuration list for PBXProject "TheList" */;
			compatibilityVersion = "Xcode 9.3";
			developmentRegion = en;
			hasScannedForEncodings = 0;
			knownRegions = (
				en,
				Base,
			);
			mainGroup = B5FAB6FB2139D89C0046F976;
			productRefGroup = B5FAB7052139D89C0046F976 /* Products */;
			projectDirPath = "";
			projectRoot = "";
			targets = (
				B5FAB7032139D89C0046F976 /* TheList */,
			);
		};
/* End PBXProject section */

/* Begin PBXResourcesBuildPhase section */
		B5FAB7022139D89C0046F976 /* Resources */ = {
			isa = PBXResourcesBuildPhase;
			buildActionMask = 2147483647;
			files = (
				B5A6C3D8213F12940029FF22 /* CategoryAndItemTableViewCell.xib in Resources */,
				B5FAB7152139D89E0046F976 /* LaunchScreen.storyboard in Resources */,
				B5FAB7122139D89E0046F976 /* Assets.xcassets in Resources */,
				B5F1E0ED21417B480041C472 /* HeaderView.xib in Resources */,
				B5A6C3DD213F1A1E0029FF22 /* Default-568h@2x.png in Resources */,
				B5FAB70D2139D89C0046F976 /* Main.storyboard in Resources */,
			);
			runOnlyForDeploymentPostprocessing = 0;
		};
/* End PBXResourcesBuildPhase section */

/* Begin PBXSourcesBuildPhase section */
		B5FAB7002139D89C0046F976 /* Sources */ = {
			isa = PBXSourcesBuildPhase;
			buildActionMask = 2147483647;
			files = (
				B5A6C3D7213F12940029FF22 /* CategoryAndItemTableViewCell.swift in Sources */,
				B5FAB71F2139DA050046F976 /* ItemsViewController.swift in Sources */,
				B5FAB71D2139D8FD0046F976 /* ErrandsViewController.swift in Sources */,
				B5FAB70A2139D89C0046F976 /* HomeViewController.swift in Sources */,
				B5A6C3CE213EE5B20029FF22 /* CategoryAndItemModel.swift in Sources */,
				B5FAB7212139DB5B0046F976 /* IdeasViewController.swift in Sources */,
				B5FAB7082139D89C0046F976 /* AppDelegate.swift in Sources */,
				B5F1E0EF214191C60041C472 /* DataModel.swift in Sources */,
				B5FAB7232139DB640046F976 /* WorkViewController.swift in Sources */,
				B5FAB7252139DB6C0046F976 /* FunViewController.swift in Sources */,
				B5A6C3CC213EE4150029FF22 /* CategoryAndItemViewController.swift in Sources */,
				B5FAB7102139D89C0046F976 /* TheList.xcdatamodeld in Sources */,
				B5A6C3D0213EE7B60029FF22 /* Keywords.swift in Sources */,
				B58E6A282141AA8A0056208C /* ProtocolModel.swift in Sources */,
				B5F1E0EC21417B480041C472 /* HeaderView.swift in Sources */,
			);
			runOnlyForDeploymentPostprocessing = 0;
		};
/* End PBXSourcesBuildPhase section */

/* Begin PBXVariantGroup section */
		B5FAB70B2139D89C0046F976 /* Main.storyboard */ = {
			isa = PBXVariantGroup;
			children = (
				B5FAB70C2139D89C0046F976 /* Base */,
			);
			name = Main.storyboard;
			sourceTree = "<group>";
		};
		B5FAB7132139D89E0046F976 /* LaunchScreen.storyboard */ = {
			isa = PBXVariantGroup;
			children = (
				B5FAB7142139D89E0046F976 /* Base */,
			);
			name = LaunchScreen.storyboard;
			sourceTree = "<group>";
		};
/* End PBXVariantGroup section */

/* Begin XCBuildConfiguration section */
		B5FAB7172139D89E0046F976 /* Debug */ = {
			isa = XCBuildConfiguration;
			buildSettings = {
				ALWAYS_SEARCH_USER_PATHS = NO;
				CLANG_ANALYZER_NONNULL = YES;
				CLANG_ANALYZER_NUMBER_OBJECT_CONVERSION = YES_AGGRESSIVE;
				CLANG_CXX_LANGUAGE_STANDARD = "gnu++14";
				CLANG_CXX_LIBRARY = "libc++";
				CLANG_ENABLE_MODULES = YES;
				CLANG_ENABLE_OBJC_ARC = YES;
				CLANG_ENABLE_OBJC_WEAK = YES;
				CLANG_WARN_BLOCK_CAPTURE_AUTORELEASING = YES;
				CLANG_WARN_BOOL_CONVERSION = YES;
				CLANG_WARN_COMMA = YES;
				CLANG_WARN_CONSTANT_CONVERSION = YES;
				CLANG_WARN_DEPRECATED_OBJC_IMPLEMENTATIONS = YES;
				CLANG_WARN_DIRECT_OBJC_ISA_USAGE = YES_ERROR;
				CLANG_WARN_DOCUMENTATION_COMMENTS = YES;
				CLANG_WARN_EMPTY_BODY = YES;
				CLANG_WARN_ENUM_CONVERSION = YES;
				CLANG_WARN_INFINITE_RECURSION = YES;
				CLANG_WARN_INT_CONVERSION = YES;
				CLANG_WARN_NON_LITERAL_NULL_CONVERSION = YES;
				CLANG_WARN_OBJC_IMPLICIT_RETAIN_SELF = YES;
				CLANG_WARN_OBJC_LITERAL_CONVERSION = YES;
				CLANG_WARN_OBJC_ROOT_CLASS = YES_ERROR;
				CLANG_WARN_RANGE_LOOP_ANALYSIS = YES;
				CLANG_WARN_STRICT_PROTOTYPES = YES;
				CLANG_WARN_SUSPICIOUS_MOVE = YES;
				CLANG_WARN_UNGUARDED_AVAILABILITY = YES_AGGRESSIVE;
				CLANG_WARN_UNREACHABLE_CODE = YES;
				CLANG_WARN__DUPLICATE_METHOD_MATCH = YES;
				CODE_SIGN_IDENTITY = "iPhone Developer";
				COPY_PHASE_STRIP = NO;
				DEBUG_INFORMATION_FORMAT = dwarf;
				ENABLE_STRICT_OBJC_MSGSEND = YES;
				ENABLE_TESTABILITY = YES;
				GCC_C_LANGUAGE_STANDARD = gnu11;
				GCC_DYNAMIC_NO_PIC = NO;
				GCC_NO_COMMON_BLOCKS = YES;
				GCC_OPTIMIZATION_LEVEL = 0;
				GCC_PREPROCESSOR_DEFINITIONS = (
					"DEBUG=1",
					"$(inherited)",
				);
				GCC_WARN_64_TO_32_BIT_CONVERSION = YES;
				GCC_WARN_ABOUT_RETURN_TYPE = YES_ERROR;
				GCC_WARN_UNDECLARED_SELECTOR = YES;
				GCC_WARN_UNINITIALIZED_AUTOS = YES_AGGRESSIVE;
				GCC_WARN_UNUSED_FUNCTION = YES;
				GCC_WARN_UNUSED_VARIABLE = YES;
				IPHONEOS_DEPLOYMENT_TARGET = 11.4;
				MTL_ENABLE_DEBUG_INFO = YES;
				ONLY_ACTIVE_ARCH = YES;
				SDKROOT = iphoneos;
				SWIFT_ACTIVE_COMPILATION_CONDITIONS = DEBUG;
				SWIFT_OPTIMIZATION_LEVEL = "-Onone";
			};
			name = Debug;
		};
		B5FAB7182139D89E0046F976 /* Release */ = {
			isa = XCBuildConfiguration;
			buildSettings = {
				ALWAYS_SEARCH_USER_PATHS = NO;
				CLANG_ANALYZER_NONNULL = YES;
				CLANG_ANALYZER_NUMBER_OBJECT_CONVERSION = YES_AGGRESSIVE;
				CLANG_CXX_LANGUAGE_STANDARD = "gnu++14";
				CLANG_CXX_LIBRARY = "libc++";
				CLANG_ENABLE_MODULES = YES;
				CLANG_ENABLE_OBJC_ARC = YES;
				CLANG_ENABLE_OBJC_WEAK = YES;
				CLANG_WARN_BLOCK_CAPTURE_AUTORELEASING = YES;
				CLANG_WARN_BOOL_CONVERSION = YES;
				CLANG_WARN_COMMA = YES;
				CLANG_WARN_CONSTANT_CONVERSION = YES;
				CLANG_WARN_DEPRECATED_OBJC_IMPLEMENTATIONS = YES;
				CLANG_WARN_DIRECT_OBJC_ISA_USAGE = YES_ERROR;
				CLANG_WARN_DOCUMENTATION_COMMENTS = YES;
				CLANG_WARN_EMPTY_BODY = YES;
				CLANG_WARN_ENUM_CONVERSION = YES;
				CLANG_WARN_INFINITE_RECURSION = YES;
				CLANG_WARN_INT_CONVERSION = YES;
				CLANG_WARN_NON_LITERAL_NULL_CONVERSION = YES;
				CLANG_WARN_OBJC_IMPLICIT_RETAIN_SELF = YES;
				CLANG_WARN_OBJC_LITERAL_CONVERSION = YES;
				CLANG_WARN_OBJC_ROOT_CLASS = YES_ERROR;
				CLANG_WARN_RANGE_LOOP_ANALYSIS = YES;
				CLANG_WARN_STRICT_PROTOTYPES = YES;
				CLANG_WARN_SUSPICIOUS_MOVE = YES;
				CLANG_WARN_UNGUARDED_AVAILABILITY = YES_AGGRESSIVE;
				CLANG_WARN_UNREACHABLE_CODE = YES;
				CLANG_WARN__DUPLICATE_METHOD_MATCH = YES;
				CODE_SIGN_IDENTITY = "iPhone Developer";
				COPY_PHASE_STRIP = NO;
				DEBUG_INFORMATION_FORMAT = "dwarf-with-dsym";
				ENABLE_NS_ASSERTIONS = NO;
				ENABLE_STRICT_OBJC_MSGSEND = YES;
				GCC_C_LANGUAGE_STANDARD = gnu11;
				GCC_NO_COMMON_BLOCKS = YES;
				GCC_WARN_64_TO_32_BIT_CONVERSION = YES;
				GCC_WARN_ABOUT_RETURN_TYPE = YES_ERROR;
				GCC_WARN_UNDECLARED_SELECTOR = YES;
				GCC_WARN_UNINITIALIZED_AUTOS = YES_AGGRESSIVE;
				GCC_WARN_UNUSED_FUNCTION = YES;
				GCC_WARN_UNUSED_VARIABLE = YES;
				IPHONEOS_DEPLOYMENT_TARGET = 11.4;
				MTL_ENABLE_DEBUG_INFO = NO;
				SDKROOT = iphoneos;
				SWIFT_COMPILATION_MODE = wholemodule;
				SWIFT_OPTIMIZATION_LEVEL = "-O";
				VALIDATE_PRODUCT = YES;
			};
			name = Release;
		};
		B5FAB71A2139D89E0046F976 /* Debug */ = {
			isa = XCBuildConfiguration;
			buildSettings = {
				ASSETCATALOG_COMPILER_APPICON_NAME = AppIcon;
				CODE_SIGN_STYLE = Automatic;
				DEVELOPMENT_TEAM = R23Z6QNT72;
				INFOPLIST_FILE = TheList/Info.plist;
				LD_RUNPATH_SEARCH_PATHS = (
					"$(inherited)",
					"@executable_path/Frameworks",
				);
				PRODUCT_BUNDLE_IDENTIFIER = com.luneofthepune.TheList;
				PRODUCT_NAME = "$(TARGET_NAME)";
				SWIFT_VERSION = 4.0;
				TARGETED_DEVICE_FAMILY = "1,2";
			};
			name = Debug;
		};
		B5FAB71B2139D89E0046F976 /* Release */ = {
			isa = XCBuildConfiguration;
			buildSettings = {
				ASSETCATALOG_COMPILER_APPICON_NAME = AppIcon;
				CODE_SIGN_STYLE = Automatic;
				DEVELOPMENT_TEAM = R23Z6QNT72;
				INFOPLIST_FILE = TheList/Info.plist;
				LD_RUNPATH_SEARCH_PATHS = (
					"$(inherited)",
					"@executable_path/Frameworks",
				);
				PRODUCT_BUNDLE_IDENTIFIER = com.luneofthepune.TheList;
				PRODUCT_NAME = "$(TARGET_NAME)";
				SWIFT_VERSION = 4.0;
				TARGETED_DEVICE_FAMILY = "1,2";
			};
			name = Release;
		};
/* End XCBuildConfiguration section */

/* Begin XCConfigurationList section */
		B5FAB6FF2139D89C0046F976 /* Build configuration list for PBXProject "TheList" */ = {
			isa = XCConfigurationList;
			buildConfigurations = (
				B5FAB7172139D89E0046F976 /* Debug */,
				B5FAB7182139D89E0046F976 /* Release */,
			);
			defaultConfigurationIsVisible = 0;
			defaultConfigurationName = Release;
		};
		B5FAB7192139D89E0046F976 /* Build configuration list for PBXNativeTarget "TheList" */ = {
			isa = XCConfigurationList;
			buildConfigurations = (
				B5FAB71A2139D89E0046F976 /* Debug */,
				B5FAB71B2139D89E0046F976 /* Release */,
			);
			defaultConfigurationIsVisible = 0;
			defaultConfigurationName = Release;
		};
/* End XCConfigurationList section */

/* Begin XCVersionGroup section */
		B5FAB70E2139D89C0046F976 /* TheList.xcdatamodeld */ = {
			isa = XCVersionGroup;
			children = (
				B5FAB70F2139D89C0046F976 /* TheList.xcdatamodel */,
			);
			currentVersion = B5FAB70F2139D89C0046F976 /* TheList.xcdatamodel */;
			path = TheList.xcdatamodeld;
			sourceTree = "<group>";
			versionGroupType = wrapper.xcdatamodel;
		};
/* End XCVersionGroup section */
	};
	rootObject = B5FAB6FC2139D89C0046F976 /* Project object */;
}
